
Microsoft Visual Studio Solution File, Format Version 12.00
# Visual Studio 15
VisualStudioVersion = 15.0.27130.2026
MinimumVisualStudioVersion = 10.0.40219.1
Project("{FAE04EC0-301F-11D3-BF4B-00C04F79EFBC}") = "SwigForGui", "SwigForGui\SwigForGui.csproj", "{BEE84963-BD6C-4B4E-B982-09D8B72A6CE1}"
EndProject
Project("{FAE04EC0-301F-11D3-BF4B-00C04F79EFBC}") = "CppSharpGui", "CppSharpGui\CppSharpGui.csproj", "{6963D936-3E0B-48FE-AA68-3C1495346227}"
EndProject
Global
	GlobalSection(SolutionConfigurationPlatforms) = preSolution
		Debug|Any CPU = Debug|Any CPU
		Debug|x64 = Debug|x64
		Debug|x86 = Debug|x86
		Release|Any CPU = Release|Any CPU
		Release|x64 = Release|x64
		Release|x86 = Release|x86
	EndGlobalSection
	GlobalSection(ProjectConfigurationPlatforms) = postSolution
		{BEE84963-BD6C-4B4E-B982-09D8B72A6CE1}.Debug|Any CPU.ActiveCfg = Debug|Any CPU
		{BEE84963-BD6C-4B4E-B982-09D8B72A6CE1}.Debug|Any CPU.Build.0 = Debug|Any CPU
		{BEE84963-BD6C-4B4E-B982-09D8B72A6CE1}.Debug|x64.ActiveCfg = Debug|Any CPU
		{BEE84963-BD6C-4B4E-B982-09D8B72A6CE1}.Debug|x64.Build.0 = Debug|Any CPU
		{BEE84963-BD6C-4B4E-B982-09D8B72A6CE1}.Debug|x86.ActiveCfg = Debug|Any CPU
		{BEE84963-BD6C-4B4E-B982-09D8B72A6CE1}.Debug|x86.Build.0 = Debug|Any CPU
		{BEE84963-BD6C-4B4E-B982-09D8B72A6CE1}.Release|Any CPU.ActiveCfg = Release|Any CPU
		{BEE84963-BD6C-4B4E-B982-09D8B72A6CE1}.Release|Any CPU.Build.0 = Release|Any CPU
		{BEE84963-BD6C-4B4E-B982-09D8B72A6CE1}.Release|x64.ActiveCfg = Release|Any CPU
		{BEE84963-BD6C-4B4E-B982-09D8B72A6CE1}.Release|x64.Build.0 = Release|Any CPU
		{BEE84963-BD6C-4B4E-B982-09D8B72A6CE1}.Release|x86.ActiveCfg = Release|Any CPU
		{BEE84963-BD6C-4B4E-B982-09D8B72A6CE1}.Release|x86.Build.0 = Release|Any CPU
		{6963D936-3E0B-48FE-AA68-3C1495346227}.Debug|Any CPU.ActiveCfg = Debug|Any CPU
		{6963D936-3E0B-48FE-AA68-3C1495346227}.Debug|Any CPU.Build.0 = Debug|Any CPU
		{6963D936-3E0B-48FE-AA68-3C1495346227}.Debug|x64.ActiveCfg = Debug|x64
		{6963D936-3E0B-48FE-AA68-3C1495346227}.Debug|x64.Build.0 = Debug|x64
		{6963D936-3E0B-48FE-AA68-3C1495346227}.Debug|x86.ActiveCfg = Debug|x86
		{6963D936-3E0B-48FE-AA68-3C1495346227}.Debug|x86.Build.0 = Debug|x86
		{6963D936-3E0B-48FE-AA68-3C1495346227}.Release|Any CPU.ActiveCfg = Release|Any CPU
		{6963D936-3E0B-48FE-AA68-3C1495346227}.Release|Any CPU.Build.0 = Release|Any CPU
		{6963D936-3E0B-48FE-AA68-3C1495346227}.Release|x64.ActiveCfg = Release|x64
		{6963D936-3E0B-48FE-AA68-3C1495346227}.Release|x64.Build.0 = Release|x64
		{6963D936-3E0B-48FE-AA68-3C1495346227}.Release|x86.ActiveCfg = Release|x86
		{6963D936-3E0B-48FE-AA68-3C1495346227}.Release|x86.Build.0 = Release|x86
	EndGlobalSection
	GlobalSection(SolutionProperties) = preSolution
		HideSolutionNode = FALSE
	EndGlobalSection
	GlobalSection(ExtensibilityGlobals) = postSolution
		SolutionGuid = {77051CDD-5194-42B9-B1B3-7B0C03846A6A}
	EndGlobalSection
EndGlobal
